// !$*UTF8*$!
{
	archiveVersion = 1;
	classes = {
	};
	objectVersion = 54;
	objects = {

/* Begin PBXBuildFile section */
		0C80B921A6F3F58F76C31292 /* libPods-GoalTracker.a in Frameworks */ = {isa = PBXBuildFile; fileRef = 5DCACB8F33CDC322A6C60F78 /* libPods-GoalTracker.a */; };
		13B07FBF1A68108700A75B9A /* Images.xcassets in Resources */ = {isa = PBXBuildFile; fileRef = 13B07FB51A68108700A75B9A /* Images.xcassets */; };
		761780ED2CA45674006654EE /* AppDelegate.swift in Sources */ = {isa = PBXBuildFile; fileRef = 761780EC2CA45674006654EE /* AppDelegate.swift */; };
		81AB9BB82411601600AC10FF /* LaunchScreen.storyboard in Resources */ = {isa = PBXBuildFile; fileRef = 81AB9BB72411601600AC10FF /* LaunchScreen.storyboard */; };
		B37CAF779ABB42F093A03EE8 /* HankenGrotesk-Light.ttf in Resources */ = {isa = PBXBuildFile; fileRef = F6F40A534933457B8129E863 /* HankenGrotesk-Light.ttf */; };
		B33BBFB5809B4762B289F956 /* HankenGrotesk-Thin.ttf in Resources */ = {isa = PBXBuildFile; fileRef = 84DCAAD03C6D4398B2658E72 /* HankenGrotesk-Thin.ttf */; };
		730A4EAD21514D2E8E50216A /* HankenGrotesk-Medium.ttf in Resources */ = {isa = PBXBuildFile; fileRef = E37AE4DF790B46FC97404774 /* HankenGrotesk-Medium.ttf */; };
		63E38EB33BB9415D977A0B47 /* HankenGrotesk-LightItalic.ttf in Resources */ = {isa = PBXBuildFile; fileRef = 9F3988FF71964431812EB2BC /* HankenGrotesk-LightItalic.ttf */; };
		18C1AF2F7C1F4A98A150C442 /* HankenGrotesk-Bold.ttf in Resources */ = {isa = PBXBuildFile; fileRef = 5853759B59724A9893D0B330 /* HankenGrotesk-Bold.ttf */; };
		1446BD8C8B3546A2A19CA4E5 /* HankenGrotesk-ExtraBold.ttf in Resources */ = {isa = PBXBuildFile; fileRef = E55874E1A8F741D2AB5D5DEE /* HankenGrotesk-ExtraBold.ttf */; };
		FEE2DE097213412F99CB6A61 /* HankenGrotesk-BlackItalic.ttf in Resources */ = {isa = PBXBuildFile; fileRef = 38316371081A45A9AA0A0D34 /* HankenGrotesk-BlackItalic.ttf */; };
		68D339CEB4D44F219167968D /* HankenGrotesk-SemiBoldItalic.ttf in Resources */ = {isa = PBXBuildFile; fileRef = 1AFE7259346643918335F54B /* HankenGrotesk-SemiBoldItalic.ttf */; };
		131E619AE387418D85B2AE21 /* HankenGrotesk-SemiBold.ttf in Resources */ = {isa = PBXBuildFile; fileRef = 64F1A0CA0BF048A6BDDE4391 /* HankenGrotesk-SemiBold.ttf */; };
		1B5FCFC0ABA0426DAA9CECA2 /* HankenGrotesk-Regular.ttf in Resources */ = {isa = PBXBuildFile; fileRef = 29584819A298445894F4BCA9 /* HankenGrotesk-Regular.ttf */; };
		F3CBD7178E514FC882069752 /* HankenGrotesk-Italic.ttf in Resources */ = {isa = PBXBuildFile; fileRef = 0A757EDDAC2F4A57AE5A561B /* HankenGrotesk-Italic.ttf */; };
		F37FD11C7E2C49CAAA2B3BA9 /* HankenGrotesk-ExtraBoldItalic.ttf in Resources */ = {isa = PBXBuildFile; fileRef = 21DA4A5B7DCC4DF98A2DE47E /* HankenGrotesk-ExtraBoldItalic.ttf */; };
		DC453DBEB05A4DBFB60460B4 /* HankenGrotesk-MediumItalic.ttf in Resources */ = {isa = PBXBuildFile; fileRef = 59F9AC4B598B4DB9881660F8 /* HankenGrotesk-MediumItalic.ttf */; };
		0DF77E28A9E94E03A022F13B /* HankenGrotesk-ThinItalic.ttf in Resources */ = {isa = PBXBuildFile; fileRef = 41FF4278CED34BF0A7E80B12 /* HankenGrotesk-ThinItalic.ttf */; };
		70A9575BDFAF40EB991D390E /* HankenGrotesk-ExtraLight.ttf in Resources */ = {isa = PBXBuildFile; fileRef = 94D10513769541C498C116F9 /* HankenGrotesk-ExtraLight.ttf */; };
		5315A9A872C9448E9007824B /* HankenGrotesk-Black.ttf in Resources */ = {isa = PBXBuildFile; fileRef = 424CBCBE80E94E39BEE890B7 /* HankenGrotesk-Black.ttf */; };
		A2BA36DD0CE24A7D8ABF228F /* HankenGrotesk-ExtraLightItalic.ttf in Resources */ = {isa = PBXBuildFile; fileRef = 6C0DA87F83A440D7B152BDFF /* HankenGrotesk-ExtraLightItalic.ttf */; };
		5751CF3710064F789511DD7A /* HankenGrotesk-BoldItalic.ttf in Resources */ = {isa = PBXBuildFile; fileRef = 2FBDB71D06594E4181885BD0 /* HankenGrotesk-BoldItalic.ttf */; };
/* End PBXBuildFile section */

/* Begin PBXFileReference section */
		13B07F961A680F5B00A75B9A /* GoalTracker.app */ = {isa = PBXFileReference; explicitFileType = wrapper.application; includeInIndex = 0; path = GoalTracker.app; sourceTree = BUILT_PRODUCTS_DIR; };
		13B07FB51A68108700A75B9A /* Images.xcassets */ = {isa = PBXFileReference; lastKnownFileType = folder.assetcatalog; name = Images.xcassets; path = GoalTracker/Images.xcassets; sourceTree = "<group>"; };
		13B07FB61A68108700A75B9A /* Info.plist */ = {isa = PBXFileReference; fileEncoding = 4; lastKnownFileType = text.plist.xml; name = Info.plist; path = GoalTracker/Info.plist; sourceTree = "<group>"; };
		13B07FB81A68108700A75B9A /* PrivacyInfo.xcprivacy */ = {isa = PBXFileReference; fileEncoding = 4; lastKnownFileType = text.plist.xml; name = PrivacyInfo.xcprivacy; path = GoalTracker/PrivacyInfo.xcprivacy; sourceTree = "<group>"; };
		3B4392A12AC88292D35C810B /* Pods-GoalTracker.debug.xcconfig */ = {isa = PBXFileReference; includeInIndex = 1; lastKnownFileType = text.xcconfig; name = "Pods-GoalTracker.debug.xcconfig"; path = "Target Support Files/Pods-GoalTracker/Pods-GoalTracker.debug.xcconfig"; sourceTree = "<group>"; };
		5709B34CF0A7D63546082F79 /* Pods-GoalTracker.release.xcconfig */ = {isa = PBXFileReference; includeInIndex = 1; lastKnownFileType = text.xcconfig; name = "Pods-GoalTracker.release.xcconfig"; path = "Target Support Files/Pods-GoalTracker/Pods-GoalTracker.release.xcconfig"; sourceTree = "<group>"; };
		5DCACB8F33CDC322A6C60F78 /* libPods-GoalTracker.a */ = {isa = PBXFileReference; explicitFileType = archive.ar; includeInIndex = 0; path = "libPods-GoalTracker.a"; sourceTree = BUILT_PRODUCTS_DIR; };
		761780EC2CA45674006654EE /* AppDelegate.swift */ = {isa = PBXFileReference; lastKnownFileType = sourcecode.swift; name = AppDelegate.swift; path = GoalTracker/AppDelegate.swift; sourceTree = "<group>"; };
		81AB9BB72411601600AC10FF /* LaunchScreen.storyboard */ = {isa = PBXFileReference; fileEncoding = 4; lastKnownFileType = file.storyboard; name = LaunchScreen.storyboard; path = GoalTracker/LaunchScreen.storyboard; sourceTree = "<group>"; };
		ED297162215061F000B7C4FE /* JavaScriptCore.framework */ = {isa = PBXFileReference; lastKnownFileType = wrapper.framework; name = JavaScriptCore.framework; path = System/Library/Frameworks/JavaScriptCore.framework; sourceTree = SDKROOT; };
		F6F40A534933457B8129E863 /* HankenGrotesk-Light.ttf */ = {isa = PBXFileReference; name = "HankenGrotesk-Light.ttf"; path = "../assets/fonts/HankenGrotesk-Light.ttf"; sourceTree = "<group>"; fileEncoding = undefined; lastKnownFileType = unknown; explicitFileType = undefined; includeInIndex = 0; };
		84DCAAD03C6D4398B2658E72 /* HankenGrotesk-Thin.ttf */ = {isa = PBXFileReference; name = "HankenGrotesk-Thin.ttf"; path = "../assets/fonts/HankenGrotesk-Thin.ttf"; sourceTree = "<group>"; fileEncoding = undefined; lastKnownFileType = unknown; explicitFileType = undefined; includeInIndex = 0; };
		E37AE4DF790B46FC97404774 /* HankenGrotesk-Medium.ttf */ = {isa = PBXFileReference; name = "HankenGrotesk-Medium.ttf"; path = "../assets/fonts/HankenGrotesk-Medium.ttf"; sourceTree = "<group>"; fileEncoding = undefined; lastKnownFileType = unknown; explicitFileType = undefined; includeInIndex = 0; };
		9F3988FF71964431812EB2BC /* HankenGrotesk-LightItalic.ttf */ = {isa = PBXFileReference; name = "HankenGrotesk-LightItalic.ttf"; path = "../assets/fonts/HankenGrotesk-LightItalic.ttf"; sourceTree = "<group>"; fileEncoding = undefined; lastKnownFileType = unknown; explicitFileType = undefined; includeInIndex = 0; };
		5853759B59724A9893D0B330 /* HankenGrotesk-Bold.ttf */ = {isa = PBXFileReference; name = "HankenGrotesk-Bold.ttf"; path = "../assets/fonts/HankenGrotesk-Bold.ttf"; sourceTree = "<group>"; fileEncoding = undefined; lastKnownFileType = unknown; explicitFileType = undefined; includeInIndex = 0; };
		E55874E1A8F741D2AB5D5DEE /* HankenGrotesk-ExtraBold.ttf */ = {isa = PBXFileReference; name = "HankenGrotesk-ExtraBold.ttf"; path = "../assets/fonts/HankenGrotesk-ExtraBold.ttf"; sourceTree = "<group>"; fileEncoding = undefined; lastKnownFileType = unknown; explicitFileType = undefined; includeInIndex = 0; };
		38316371081A45A9AA0A0D34 /* HankenGrotesk-BlackItalic.ttf */ = {isa = PBXFileReference; name = "HankenGrotesk-BlackItalic.ttf"; path = "../assets/fonts/HankenGrotesk-BlackItalic.ttf"; sourceTree = "<group>"; fileEncoding = undefined; lastKnownFileType = unknown; explicitFileType = undefined; includeInIndex = 0; };
		1AFE7259346643918335F54B /* HankenGrotesk-SemiBoldItalic.ttf */ = {isa = PBXFileReference; name = "HankenGrotesk-SemiBoldItalic.ttf"; path = "../assets/fonts/HankenGrotesk-SemiBoldItalic.ttf"; sourceTree = "<group>"; fileEncoding = undefined; lastKnownFileType = unknown; explicitFileType = undefined; includeInIndex = 0; };
		64F1A0CA0BF048A6BDDE4391 /* HankenGrotesk-SemiBold.ttf */ = {isa = PBXFileReference; name = "HankenGrotesk-SemiBold.ttf"; path = "../assets/fonts/HankenGrotesk-SemiBold.ttf"; sourceTree = "<group>"; fileEncoding = undefined; lastKnownFileType = unknown; explicitFileType = undefined; includeInIndex = 0; };
		29584819A298445894F4BCA9 /* HankenGrotesk-Regular.ttf */ = {isa = PBXFileReference; name = "HankenGrotesk-Regular.ttf"; path = "../assets/fonts/HankenGrotesk-Regular.ttf"; sourceTree = "<group>"; fileEncoding = undefined; lastKnownFileType = unknown; explicitFileType = undefined; includeInIndex = 0; };
		0A757EDDAC2F4A57AE5A561B /* HankenGrotesk-Italic.ttf */ = {isa = PBXFileReference; name = "HankenGrotesk-Italic.ttf"; path = "../assets/fonts/HankenGrotesk-Italic.ttf"; sourceTree = "<group>"; fileEncoding = undefined; lastKnownFileType = unknown; explicitFileType = undefined; includeInIndex = 0; };
		21DA4A5B7DCC4DF98A2DE47E /* HankenGrotesk-ExtraBoldItalic.ttf */ = {isa = PBXFileReference; name = "HankenGrotesk-ExtraBoldItalic.ttf"; path = "../assets/fonts/HankenGrotesk-ExtraBoldItalic.ttf"; sourceTree = "<group>"; fileEncoding = undefined; lastKnownFileType = unknown; explicitFileType = undefined; includeInIndex = 0; };
		59F9AC4B598B4DB9881660F8 /* HankenGrotesk-MediumItalic.ttf */ = {isa = PBXFileReference; name = "HankenGrotesk-MediumItalic.ttf"; path = "../assets/fonts/HankenGrotesk-MediumItalic.ttf"; sourceTree = "<group>"; fileEncoding = undefined; lastKnownFileType = unknown; explicitFileType = undefined; includeInIndex = 0; };
		41FF4278CED34BF0A7E80B12 /* HankenGrotesk-ThinItalic.ttf */ = {isa = PBXFileReference; name = "HankenGrotesk-ThinItalic.ttf"; path = "../assets/fonts/HankenGrotesk-ThinItalic.ttf"; sourceTree = "<group>"; fileEncoding = undefined; lastKnownFileType = unknown; explicitFileType = undefined; includeInIndex = 0; };
		94D10513769541C498C116F9 /* HankenGrotesk-ExtraLight.ttf */ = {isa = PBXFileReference; name = "HankenGrotesk-ExtraLight.ttf"; path = "../assets/fonts/HankenGrotesk-ExtraLight.ttf"; sourceTree = "<group>"; fileEncoding = undefined; lastKnownFileType = unknown; explicitFileType = undefined; includeInIndex = 0; };
		424CBCBE80E94E39BEE890B7 /* HankenGrotesk-Black.ttf */ = {isa = PBXFileReference; name = "HankenGrotesk-Black.ttf"; path = "../assets/fonts/HankenGrotesk-Black.ttf"; sourceTree = "<group>"; fileEncoding = undefined; lastKnownFileType = unknown; explicitFileType = undefined; includeInIndex = 0; };
		6C0DA87F83A440D7B152BDFF /* HankenGrotesk-ExtraLightItalic.ttf */ = {isa = PBXFileReference; name = "HankenGrotesk-ExtraLightItalic.ttf"; path = "../assets/fonts/HankenGrotesk-ExtraLightItalic.ttf"; sourceTree = "<group>"; fileEncoding = undefined; lastKnownFileType = unknown; explicitFileType = undefined; includeInIndex = 0; };
		2FBDB71D06594E4181885BD0 /* HankenGrotesk-BoldItalic.ttf */ = {isa = PBXFileReference; name = "HankenGrotesk-BoldItalic.ttf"; path = "../assets/fonts/HankenGrotesk-BoldItalic.ttf"; sourceTree = "<group>"; fileEncoding = undefined; lastKnownFileType = unknown; explicitFileType = undefined; includeInIndex = 0; };
/* End PBXFileReference section */

/* Begin PBXFrameworksBuildPhase section */
		13B07F8C1A680F5B00A75B9A /* Frameworks */ = {
			isa = PBXFrameworksBuildPhase;
			buildActionMask = 2147483647;
			files = (
				0C80B921A6F3F58F76C31292 /* libPods-GoalTracker.a in Frameworks */,
			);
			runOnlyForDeploymentPostprocessing = 0;
		};
/* End PBXFrameworksBuildPhase section */

/* Begin PBXGroup section */
		13B07FAE1A68108700A75B9A /* GoalTracker */ = {
			isa = PBXGroup;
			children = (
				13B07FB51A68108700A75B9A /* Images.xcassets */,
				761780EC2CA45674006654EE /* AppDelegate.swift */,
				13B07FB61A68108700A75B9A /* Info.plist */,
				81AB9BB72411601600AC10FF /* LaunchScreen.storyboard */,
				13B07FB81A68108700A75B9A /* PrivacyInfo.xcprivacy */,
			);
			name = GoalTracker;
			sourceTree = "<group>";
		};
		2D16E6871FA4F8E400B85C8A /* Frameworks */ = {
			isa = PBXGroup;
			children = (
				ED297162215061F000B7C4FE /* JavaScriptCore.framework */,
				5DCACB8F33CDC322A6C60F78 /* libPods-GoalTracker.a */,
			);
			name = Frameworks;
			sourceTree = "<group>";
		};
		832341AE1AAA6A7D00B99B32 /* Libraries */ = {
			isa = PBXGroup;
			children = (
			);
			name = Libraries;
			sourceTree = "<group>";
		};
		83CBB9F61A601CBA00E9B192 = {
			isa = PBXGroup;
			children = (
				13B07FAE1A68108700A75B9A /* GoalTracker */,
				832341AE1AAA6A7D00B99B32 /* Libraries */,
				83CBBA001A601CBA00E9B192 /* Products */,
				2D16E6871FA4F8E400B85C8A /* Frameworks */,
				BBD78D7AC51CEA395F1C20DB /* Pods */,
				EA2DAA1BB163490C88FEAD97 /* Resources */,
			);
			indentWidth = 2;
			sourceTree = "<group>";
			tabWidth = 2;
			usesTabs = 0;
		};
		83CBBA001A601CBA00E9B192 /* Products */ = {
			isa = PBXGroup;
			children = (
				13B07F961A680F5B00A75B9A /* GoalTracker.app */,
			);
			name = Products;
			sourceTree = "<group>";
		};
		BBD78D7AC51CEA395F1C20DB /* Pods */ = {
			isa = PBXGroup;
			children = (
				3B4392A12AC88292D35C810B /* Pods-GoalTracker.debug.xcconfig */,
				5709B34CF0A7D63546082F79 /* Pods-GoalTracker.release.xcconfig */,
			);
			path = Pods;
			sourceTree = "<group>";
		};
		EA2DAA1BB163490C88FEAD97 /* Resources */ = {
			isa = "PBXGroup";
			children = (
				F6F40A534933457B8129E863 /* HankenGrotesk-Light.ttf */,
				84DCAAD03C6D4398B2658E72 /* HankenGrotesk-Thin.ttf */,
				E37AE4DF790B46FC97404774 /* HankenGrotesk-Medium.ttf */,
				9F3988FF71964431812EB2BC /* HankenGrotesk-LightItalic.ttf */,
				5853759B59724A9893D0B330 /* HankenGrotesk-Bold.ttf */,
				E55874E1A8F741D2AB5D5DEE /* HankenGrotesk-ExtraBold.ttf */,
				38316371081A45A9AA0A0D34 /* HankenGrotesk-BlackItalic.ttf */,
				1AFE7259346643918335F54B /* HankenGrotesk-SemiBoldItalic.ttf */,
				64F1A0CA0BF048A6BDDE4391 /* HankenGrotesk-SemiBold.ttf */,
				29584819A298445894F4BCA9 /* HankenGrotesk-Regular.ttf */,
				0A757EDDAC2F4A57AE5A561B /* HankenGrotesk-Italic.ttf */,
				21DA4A5B7DCC4DF98A2DE47E /* HankenGrotesk-ExtraBoldItalic.ttf */,
				59F9AC4B598B4DB9881660F8 /* HankenGrotesk-MediumItalic.ttf */,
				41FF4278CED34BF0A7E80B12 /* HankenGrotesk-ThinItalic.ttf */,
				94D10513769541C498C116F9 /* HankenGrotesk-ExtraLight.ttf */,
				424CBCBE80E94E39BEE890B7 /* HankenGrotesk-Black.ttf */,
				6C0DA87F83A440D7B152BDFF /* HankenGrotesk-ExtraLightItalic.ttf */,
				2FBDB71D06594E4181885BD0 /* HankenGrotesk-BoldItalic.ttf */,
			);
			name = Resources;
			sourceTree = "<group>";
			path = "";
		};
/* End PBXGroup section */

/* Begin PBXNativeTarget section */
		13B07F861A680F5B00A75B9A /* GoalTracker */ = {
			isa = PBXNativeTarget;
			buildConfigurationList = 13B07F931A680F5B00A75B9A /* Build configuration list for PBXNativeTarget "GoalTracker" */;
			buildPhases = (
				C38B50BA6285516D6DCD4F65 /* [CP] Check Pods Manifest.lock */,
				13B07F871A680F5B00A75B9A /* Sources */,
				13B07F8C1A680F5B00A75B9A /* Frameworks */,
				13B07F8E1A680F5B00A75B9A /* Resources */,
				00DD1BFF1BD5951E006B06BC /* Bundle React Native code and images */,
				00EEFC60759A1932668264C0 /* [CP] Embed Pods Frameworks */,
				E235C05ADACE081382539298 /* [CP] Copy Pods Resources */,
			);
			buildRules = (
			);
			dependencies = (
			);
			name = GoalTracker;
			productName = GoalTracker;
			productReference = 13B07F961A680F5B00A75B9A /* GoalTracker.app */;
			productType = "com.apple.product-type.application";
		};
/* End PBXNativeTarget section */

/* Begin PBXProject section */
		83CBB9F71A601CBA00E9B192 /* Project object */ = {
			isa = PBXProject;
			attributes = {
				LastUpgradeCheck = 1210;
				TargetAttributes = {
					13B07F861A680F5B00A75B9A = {
						LastSwiftMigration = 1120;
					};
				};
			};
			buildConfigurationList = 83CBB9FA1A601CBA00E9B192 /* Build configuration list for PBXProject "GoalTracker" */;
			compatibilityVersion = "Xcode 12.0";
			developmentRegion = en;
			hasScannedForEncodings = 0;
			knownRegions = (
				en,
				Base,
			);
			mainGroup = 83CBB9F61A601CBA00E9B192;
			productRefGroup = 83CBBA001A601CBA00E9B192 /* Products */;
			projectDirPath = "";
			projectRoot = "";
			targets = (
				13B07F861A680F5B00A75B9A /* GoalTracker */,
			);
		};
/* End PBXProject section */

/* Begin PBXResourcesBuildPhase section */
		13B07F8E1A680F5B00A75B9A /* Resources */ = {
			isa = PBXResourcesBuildPhase;
			buildActionMask = 2147483647;
			files = (
				81AB9BB82411601600AC10FF /* LaunchScreen.storyboard in Resources */,
				13B07FBF1A68108700A75B9A /* Images.xcassets in Resources */,
				B37CAF779ABB42F093A03EE8 /* HankenGrotesk-Light.ttf in Resources */,
				B33BBFB5809B4762B289F956 /* HankenGrotesk-Thin.ttf in Resources */,
				730A4EAD21514D2E8E50216A /* HankenGrotesk-Medium.ttf in Resources */,
				63E38EB33BB9415D977A0B47 /* HankenGrotesk-LightItalic.ttf in Resources */,
				18C1AF2F7C1F4A98A150C442 /* HankenGrotesk-Bold.ttf in Resources */,
				1446BD8C8B3546A2A19CA4E5 /* HankenGrotesk-ExtraBold.ttf in Resources */,
				FEE2DE097213412F99CB6A61 /* HankenGrotesk-BlackItalic.ttf in Resources */,
				68D339CEB4D44F219167968D /* HankenGrotesk-SemiBoldItalic.ttf in Resources */,
				131E619AE387418D85B2AE21 /* HankenGrotesk-SemiBold.ttf in Resources */,
				1B5FCFC0ABA0426DAA9CECA2 /* HankenGrotesk-Regular.ttf in Resources */,
				F3CBD7178E514FC882069752 /* HankenGrotesk-Italic.ttf in Resources */,
				F37FD11C7E2C49CAAA2B3BA9 /* HankenGrotesk-ExtraBoldItalic.ttf in Resources */,
				DC453DBEB05A4DBFB60460B4 /* HankenGrotesk-MediumItalic.ttf in Resources */,
				0DF77E28A9E94E03A022F13B /* HankenGrotesk-ThinItalic.ttf in Resources */,
				70A9575BDFAF40EB991D390E /* HankenGrotesk-ExtraLight.ttf in Resources */,
				5315A9A872C9448E9007824B /* HankenGrotesk-Black.ttf in Resources */,
				A2BA36DD0CE24A7D8ABF228F /* HankenGrotesk-ExtraLightItalic.ttf in Resources */,
				5751CF3710064F789511DD7A /* HankenGrotesk-BoldItalic.ttf in Resources */,
			);
			runOnlyForDeploymentPostprocessing = 0;
		};
/* End PBXResourcesBuildPhase section */

/* Begin PBXShellScriptBuildPhase section */
		00DD1BFF1BD5951E006B06BC /* Bundle React Native code and images */ = {
			isa = PBXShellScriptBuildPhase;
			buildActionMask = 2147483647;
			files = (
			);
			inputPaths = (
				"$(SRCROOT)/.xcode.env.local",
				"$(SRCROOT)/.xcode.env",
			);
			name = "Bundle React Native code and images";
			outputPaths = (
			);
			runOnlyForDeploymentPostprocessing = 0;
			shellPath = /bin/sh;
			shellScript = "set -e\n\nWITH_ENVIRONMENT=\"$REACT_NATIVE_PATH/scripts/xcode/with-environment.sh\"\nREACT_NATIVE_XCODE=\"$REACT_NATIVE_PATH/scripts/react-native-xcode.sh\"\n\n/bin/sh -c \"\\\"$WITH_ENVIRONMENT\\\" \\\"$REACT_NATIVE_XCODE\\\"\"\n";
		};
		00EEFC60759A1932668264C0 /* [CP] Embed Pods Frameworks */ = {
			isa = PBXShellScriptBuildPhase;
			buildActionMask = 2147483647;
			files = (
			);
			inputFileListPaths = (
				"${PODS_ROOT}/Target Support Files/Pods-GoalTracker/Pods-GoalTracker-frameworks-${CONFIGURATION}-input-files.xcfilelist",
			);
			name = "[CP] Embed Pods Frameworks";
			outputFileListPaths = (
				"${PODS_ROOT}/Target Support Files/Pods-GoalTracker/Pods-GoalTracker-frameworks-${CONFIGURATION}-output-files.xcfilelist",
			);
			runOnlyForDeploymentPostprocessing = 0;
			shellPath = /bin/sh;
			shellScript = "\"${PODS_ROOT}/Target Support Files/Pods-GoalTracker/Pods-GoalTracker-frameworks.sh\"\n";
			showEnvVarsInLog = 0;
		};
		C38B50BA6285516D6DCD4F65 /* [CP] Check Pods Manifest.lock */ = {
			isa = PBXShellScriptBuildPhase;
			buildActionMask = 2147483647;
			files = (
			);
			inputFileListPaths = (
			);
			inputPaths = (
				"${PODS_PODFILE_DIR_PATH}/Podfile.lock",
				"${PODS_ROOT}/Manifest.lock",
			);
			name = "[CP] Check Pods Manifest.lock";
			outputFileListPaths = (
			);
			outputPaths = (
				"$(DERIVED_FILE_DIR)/Pods-GoalTracker-checkManifestLockResult.txt",
			);
			runOnlyForDeploymentPostprocessing = 0;
			shellPath = /bin/sh;
			shellScript = "diff \"${PODS_PODFILE_DIR_PATH}/Podfile.lock\" \"${PODS_ROOT}/Manifest.lock\" > /dev/null\nif [ $? != 0 ] ; then\n    # print error to STDERR\n    echo \"error: The sandbox is not in sync with the Podfile.lock. Run 'pod install' or update your CocoaPods installation.\" >&2\n    exit 1\nfi\n# This output is used by Xcode 'outputs' to avoid re-running this script phase.\necho \"SUCCESS\" > \"${SCRIPT_OUTPUT_FILE_0}\"\n";
			showEnvVarsInLog = 0;
		};
		E235C05ADACE081382539298 /* [CP] Copy Pods Resources */ = {
			isa = PBXShellScriptBuildPhase;
			buildActionMask = 2147483647;
			files = (
			);
			inputFileListPaths = (
				"${PODS_ROOT}/Target Support Files/Pods-GoalTracker/Pods-GoalTracker-resources-${CONFIGURATION}-input-files.xcfilelist",
			);
			name = "[CP] Copy Pods Resources";
			outputFileListPaths = (
				"${PODS_ROOT}/Target Support Files/Pods-GoalTracker/Pods-GoalTracker-resources-${CONFIGURATION}-output-files.xcfilelist",
			);
			runOnlyForDeploymentPostprocessing = 0;
			shellPath = /bin/sh;
			shellScript = "\"${PODS_ROOT}/Target Support Files/Pods-GoalTracker/Pods-GoalTracker-resources.sh\"\n";
			showEnvVarsInLog = 0;
		};
/* End PBXShellScriptBuildPhase section */

/* Begin PBXSourcesBuildPhase section */
		13B07F871A680F5B00A75B9A /* Sources */ = {
			isa = PBXSourcesBuildPhase;
			buildActionMask = 2147483647;
			files = (
				761780ED2CA45674006654EE /* AppDelegate.swift in Sources */,
			);
			runOnlyForDeploymentPostprocessing = 0;
		};
/* End PBXSourcesBuildPhase section */

/* Begin XCBuildConfiguration section */
		13B07F941A680F5B00A75B9A /* Debug */ = {
			isa = XCBuildConfiguration;
			baseConfigurationReference = 3B4392A12AC88292D35C810B /* Pods-GoalTracker.debug.xcconfig */;
			buildSettings = {
				ASSETCATALOG_COMPILER_APPICON_NAME = AppIcon;
				CLANG_ENABLE_MODULES = YES;
				CURRENT_PROJECT_VERSION = 1;
				ENABLE_BITCODE = NO;
				INFOPLIST_FILE = GoalTracker/Info.plist;
				IPHONEOS_DEPLOYMENT_TARGET = 15.1;
				LD_RUNPATH_SEARCH_PATHS = (
					"$(inherited)",
					"@executable_path/Frameworks",
				);
				MARKETING_VERSION = 1.0;
				OTHER_LDFLAGS = (
					"$(inherited)",
					"-ObjC",
					"-lc++",
				);
				PRODUCT_BUNDLE_IDENTIFIER = "org.reactjs.native.example.$(PRODUCT_NAME:rfc1034identifier)";
				PRODUCT_NAME = GoalTracker;
				SUPPORTED_PLATFORMS = "iphoneos iphonesimulator";
				SWIFT_OPTIMIZATION_LEVEL = "-Onone";
				SWIFT_VERSION = 5.0;
				TARGETED_DEVICE_FAMILY = "1,2";
				VERSIONING_SYSTEM = "apple-generic";
			};
			name = Debug;
		};
		13B07F951A680F5B00A75B9A /* Release */ = {
			isa = XCBuildConfiguration;
			baseConfigurationReference = 5709B34CF0A7D63546082F79 /* Pods-GoalTracker.release.xcconfig */;
			buildSettings = {
				ASSETCATALOG_COMPILER_APPICON_NAME = AppIcon;
				CLANG_ENABLE_MODULES = YES;
				CURRENT_PROJECT_VERSION = 1;
				INFOPLIST_FILE = GoalTracker/Info.plist;
				IPHONEOS_DEPLOYMENT_TARGET = 15.1;
				LD_RUNPATH_SEARCH_PATHS = (
					"$(inherited)",
					"@executable_path/Frameworks",
				);
				MARKETING_VERSION = 1.0;
				OTHER_LDFLAGS = (
					"$(inherited)",
					"-ObjC",
					"-lc++",
				);
				PRODUCT_BUNDLE_IDENTIFIER = "org.reactjs.native.example.$(PRODUCT_NAME:rfc1034identifier)";
				PRODUCT_NAME = GoalTracker;
				SUPPORTED_PLATFORMS = "iphoneos iphonesimulator";
				SWIFT_VERSION = 5.0;
				TARGETED_DEVICE_FAMILY = "1,2";
				VERSIONING_SYSTEM = "apple-generic";
			};
			name = Release;
		};
		83CBBA201A601CBA00E9B192 /* Debug */ = {
			isa = XCBuildConfiguration;
			buildSettings = {
				ALWAYS_SEARCH_USER_PATHS = NO;
				CLANG_ANALYZER_LOCALIZABILITY_NONLOCALIZED = YES;
				CLANG_CXX_LANGUAGE_STANDARD = "c++20";
				CLANG_CXX_LIBRARY = "libc++";
				CLANG_ENABLE_MODULES = YES;
				CLANG_ENABLE_OBJC_ARC = YES;
				CLANG_WARN_BLOCK_CAPTURE_AUTORELEASING = YES;
				CLANG_WARN_BOOL_CONVERSION = YES;
				CLANG_WARN_COMMA = YES;
				CLANG_WARN_CONSTANT_CONVERSION = YES;
				CLANG_WARN_DEPRECATED_OBJC_IMPLEMENTATIONS = YES;
				CLANG_WARN_DIRECT_OBJC_ISA_USAGE = YES_ERROR;
				CLANG_WARN_EMPTY_BODY = YES;
				CLANG_WARN_ENUM_CONVERSION = YES;
				CLANG_WARN_INFINITE_RECURSION = YES;
				CLANG_WARN_INT_CONVERSION = YES;
				CLANG_WARN_NON_LITERAL_NULL_CONVERSION = YES;
				CLANG_WARN_OBJC_IMPLICIT_RETAIN_SELF = YES;
				CLANG_WARN_OBJC_LITERAL_CONVERSION = YES;
				CLANG_WARN_OBJC_ROOT_CLASS = YES_ERROR;
				CLANG_WARN_QUOTED_INCLUDE_IN_FRAMEWORK_HEADER = YES;
				CLANG_WARN_RANGE_LOOP_ANALYSIS = YES;
				CLANG_WARN_STRICT_PROTOTYPES = YES;
				CLANG_WARN_SUSPICIOUS_MOVE = YES;
				CLANG_WARN_UNREACHABLE_CODE = YES;
				CLANG_WARN__DUPLICATE_METHOD_MATCH = YES;
				"CODE_SIGN_IDENTITY[sdk=iphoneos*]" = "iPhone Developer";
				COPY_PHASE_STRIP = NO;
				ENABLE_STRICT_OBJC_MSGSEND = YES;
				ENABLE_TESTABILITY = YES;
				"EXCLUDED_ARCHS[sdk=iphonesimulator*]" = "";
				GCC_C_LANGUAGE_STANDARD = gnu99;
				GCC_DYNAMIC_NO_PIC = NO;
				GCC_NO_COMMON_BLOCKS = YES;
				GCC_OPTIMIZATION_LEVEL = 0;
				GCC_PREPROCESSOR_DEFINITIONS = (
					"DEBUG=1",
					"$(inherited)",
				);
				GCC_SYMBOLS_PRIVATE_EXTERN = NO;
				GCC_WARN_64_TO_32_BIT_CONVERSION = YES;
				GCC_WARN_ABOUT_RETURN_TYPE = YES_ERROR;
				GCC_WARN_UNDECLARED_SELECTOR = YES;
				GCC_WARN_UNINITIALIZED_AUTOS = YES_AGGRESSIVE;
				GCC_WARN_UNUSED_FUNCTION = YES;
				GCC_WARN_UNUSED_VARIABLE = YES;
				IPHONEOS_DEPLOYMENT_TARGET = 15.1;
				LD_RUNPATH_SEARCH_PATHS = (
					/usr/lib/swift,
					"$(inherited)",
				);
				LIBRARY_SEARCH_PATHS = (
					"\"$(SDKROOT)/usr/lib/swift\"",
					"\"$(TOOLCHAIN_DIR)/usr/lib/swift/$(PLATFORM_NAME)\"",
					"\"$(inherited)\"",
				);
				MTL_ENABLE_DEBUG_INFO = YES;
				ONLY_ACTIVE_ARCH = YES;
				OTHER_CPLUSPLUSFLAGS = (
					"$(OTHER_CFLAGS)",
					"-DFOLLY_NO_CONFIG",
					"-DFOLLY_MOBILE=1",
					"-DFOLLY_USE_LIBCPP=1",
					"-DFOLLY_CFG_NO_COROUTINES=1",
					"-DFOLLY_HAVE_CLOCK_GETTIME=1",
				);
				SDKROOT = iphoneos;
			};
			name = Debug;
		};
		83CBBA211A601CBA00E9B192 /* Release */ = {
			isa = XCBuildConfiguration;
			buildSettings = {
				ALWAYS_SEARCH_USER_PATHS = NO;
				CLANG_ANALYZER_LOCALIZABILITY_NONLOCALIZED = YES;
				CLANG_CXX_LANGUAGE_STANDARD = "c++20";
				CLANG_CXX_LIBRARY = "libc++";
				CLANG_ENABLE_MODULES = YES;
				CLANG_ENABLE_OBJC_ARC = YES;
				CLANG_WARN_BLOCK_CAPTURE_AUTORELEASING = YES;
				CLANG_WARN_BOOL_CONVERSION = YES;
				CLANG_WARN_COMMA = YES;
				CLANG_WARN_CONSTANT_CONVERSION = YES;
				CLANG_WARN_DEPRECATED_OBJC_IMPLEMENTATIONS = YES;
				CLANG_WARN_DIRECT_OBJC_ISA_USAGE = YES_ERROR;
				CLANG_WARN_EMPTY_BODY = YES;
				CLANG_WARN_ENUM_CONVERSION = YES;
				CLANG_WARN_INFINITE_RECURSION = YES;
				CLANG_WARN_INT_CONVERSION = YES;
				CLANG_WARN_NON_LITERAL_NULL_CONVERSION = YES;
				CLANG_WARN_OBJC_IMPLICIT_RETAIN_SELF = YES;
				CLANG_WARN_OBJC_LITERAL_CONVERSION = YES;
				CLANG_WARN_OBJC_ROOT_CLASS = YES_ERROR;
				CLANG_WARN_QUOTED_INCLUDE_IN_FRAMEWORK_HEADER = YES;
				CLANG_WARN_RANGE_LOOP_ANALYSIS = YES;
				CLANG_WARN_STRICT_PROTOTYPES = YES;
				CLANG_WARN_SUSPICIOUS_MOVE = YES;
				CLANG_WARN_UNREACHABLE_CODE = YES;
				CLANG_WARN__DUPLICATE_METHOD_MATCH = YES;
				"CODE_SIGN_IDENTITY[sdk=iphoneos*]" = "iPhone Developer";
				COPY_PHASE_STRIP = YES;
				ENABLE_NS_ASSERTIONS = NO;
				ENABLE_STRICT_OBJC_MSGSEND = YES;
				"EXCLUDED_ARCHS[sdk=iphonesimulator*]" = "";
				GCC_C_LANGUAGE_STANDARD = gnu99;
				GCC_NO_COMMON_BLOCKS = YES;
				GCC_WARN_64_TO_32_BIT_CONVERSION = YES;
				GCC_WARN_ABOUT_RETURN_TYPE = YES_ERROR;
				GCC_WARN_UNDECLARED_SELECTOR = YES;
				GCC_WARN_UNINITIALIZED_AUTOS = YES_AGGRESSIVE;
				GCC_WARN_UNUSED_FUNCTION = YES;
				GCC_WARN_UNUSED_VARIABLE = YES;
				IPHONEOS_DEPLOYMENT_TARGET = 15.1;
				LD_RUNPATH_SEARCH_PATHS = (
					/usr/lib/swift,
					"$(inherited)",
				);
				LIBRARY_SEARCH_PATHS = (
					"\"$(SDKROOT)/usr/lib/swift\"",
					"\"$(TOOLCHAIN_DIR)/usr/lib/swift/$(PLATFORM_NAME)\"",
					"\"$(inherited)\"",
				);
				MTL_ENABLE_DEBUG_INFO = NO;
				OTHER_CPLUSPLUSFLAGS = (
					"$(OTHER_CFLAGS)",
					"-DFOLLY_NO_CONFIG",
					"-DFOLLY_MOBILE=1",
					"-DFOLLY_USE_LIBCPP=1",
					"-DFOLLY_CFG_NO_COROUTINES=1",
					"-DFOLLY_HAVE_CLOCK_GETTIME=1",
				);
				SDKROOT = iphoneos;
				VALIDATE_PRODUCT = YES;
			};
			name = Release;
		};
/* End XCBuildConfiguration section */

/* Begin XCConfigurationList section */
		13B07F931A680F5B00A75B9A /* Build configuration list for PBXNativeTarget "GoalTracker" */ = {
			isa = XCConfigurationList;
			buildConfigurations = (
				13B07F941A680F5B00A75B9A /* Debug */,
				13B07F951A680F5B00A75B9A /* Release */,
			);
			defaultConfigurationIsVisible = 0;
			defaultConfigurationName = Release;
		};
		83CBB9FA1A601CBA00E9B192 /* Build configuration list for PBXProject "GoalTracker" */ = {
			isa = XCConfigurationList;
			buildConfigurations = (
				83CBBA201A601CBA00E9B192 /* Debug */,
				83CBBA211A601CBA00E9B192 /* Release */,
			);
			defaultConfigurationIsVisible = 0;
			defaultConfigurationName = Release;
		};
/* End XCConfigurationList section */
	};
	rootObject = 83CBB9F71A601CBA00E9B192 /* Project object */;
}
